
Microsoft Visual Studio Solution File, Format Version 12.00
# Visual Studio 2012
Project("{FAE04EC0-301F-11D3-BF4B-00C04F79EFBC}") = "joelrevans.com_v5", "joelrevans.com_v5\joelrevans.com_v5.csproj", "{2CF4AB4E-C26B-47EF-A52E-939518736968}"
EndProject
Global
	GlobalSection(TeamFoundationVersionControl) = preSolution
		SccNumberOfProjects = 2
		SccEnterpriseProvider = {4CA58AB2-18FA-4F8D-95D4-32DDF27D184C}
		SccTeamFoundationServer = http://def:8080/tfs/professional%20site
		SccLocalPath0 = .
		SccProjectUniqueName1 = joelrevans.com_v5\\joelrevans.com_v5.csproj
		SccProjectName1 = joelrevans.com_v5
		SccLocalPath1 = joelrevans.com_v5
	EndGlobalSection
	GlobalSection(SolutionConfigurationPlatforms) = preSolution
		Debug|Any CPU = Debug|Any CPU
		Release|Any CPU = Release|Any CPU
	EndGlobalSection
	GlobalSection(ProjectConfigurationPlatforms) = postSolution
		{2CF4AB4E-C26B-47EF-A52E-939518736968}.Debug|Any CPU.ActiveCfg = Debug|Any CPU
		{2CF4AB4E-C26B-47EF-A52E-939518736968}.Debug|Any CPU.Build.0 = Debug|Any CPU
		{2CF4AB4E-C26B-47EF-A52E-939518736968}.Release|Any CPU.ActiveCfg = Release|Any CPU
		{2CF4AB4E-C26B-47EF-A52E-939518736968}.Release|Any CPU.Build.0 = Release|Any CPU
	EndGlobalSection
	GlobalSection(SolutionProperties) = preSolution
		HideSolutionNode = FALSE
	EndGlobalSection
EndGlobal
